
Microsoft Visual Studio Solution File, Format Version 12.00
# Visual Studio Version 17
VisualStudioVersion = 17.6.33829.357
MinimumVisualStudioVersion = 10.0.40219.1
Project("{FAE04EC0-301F-11D3-BF4B-00C04F79EFBC}") = "YouTubeConvertor", "YouTubeConvertor\YouTubeConvertor.csproj", "{AFA4D088-6D6A-4B5D-AC93-CB8660F60BBE}"
EndProject
Global
	GlobalSection(SolutionConfigurationPlatforms) = preSolution
		Debug|Any CPU = Debug|Any CPU
		Release|Any CPU = Release|Any CPU
	EndGlobalSection
	GlobalSection(ProjectConfigurationPlatforms) = postSolution
		{AFA4D088-6D6A-4B5D-AC93-CB8660F60BBE}.Debug|Any CPU.ActiveCfg = Debug|Any CPU
		{AFA4D088-6D6A-4B5D-AC93-CB8660F60BBE}.Debug|Any CPU.Build.0 = Debug|Any CPU
		{AFA4D088-6D6A-4B5D-AC93-CB8660F60BBE}.Release|Any CPU.ActiveCfg = Release|Any CPU
		{AFA4D088-6D6A-4B5D-AC93-CB8660F60BBE}.Release|Any CPU.Build.0 = Release|Any CPU
	EndGlobalSection
	GlobalSection(SolutionProperties) = preSolution
		HideSolutionNode = FALSE
	EndGlobalSection
	GlobalSection(ExtensibilityGlobals) = postSolution
		SolutionGuid = {3345DEC6-828A-4E87-9DFE-DDFE0E98AD89}
	EndGlobalSection
EndGlobal
